{
  "requires": true,
  "lockfileVersion": 1,
  "dependencies": {
    "angular-ui-bootstrap": {
      "version": "2.5.6",
      "resolved": "https://registry.npmjs.org/angular-ui-bootstrap/-/angular-ui-bootstrap-2.5.6.tgz",
      "integrity": "sha512-yzcHpPMLQl0232nDzm5P4iAFTFQ9dMw0QgFLuKYbDj9M0xJ62z0oudYD/Lvh1pWfRsukiytP4Xj6BHOSrSXP8A=="
    },
    "jquery-csv": {
      "version": "1.0.3",
      "resolved": "https://registry.npmjs.org/jquery-csv/-/jquery-csv-1.0.3.tgz",
      "integrity": "sha512-e7PO0aar7VmwETktEpcz3QuSDv6TByGFd9KxyWn4dOUCaCwBCdQjLrFRscMKazFQjm7sdKtX9Bk7aUp74+oXDw=="
    }
  }
}
